// !$*UTF8*$!
{
	archiveVersion = 1;
	classes = {
	};
	objectVersion = 46;
	objects = {

/* Begin PBXBuildFile section */
		4B2E8FD41D41708500602C49 /* main.m in Sources */ = {isa = PBXBuildFile; fileRef = 4B2E8FD31D41708500602C49 /* main.m */; };
		4B2E8FD71D41708500602C49 /* AppDelegate.m in Sources */ = {isa = PBXBuildFile; fileRef = 4B2E8FD61D41708500602C49 /* AppDelegate.m */; };
		4B2E8FDA1D41708500602C49 /* ViewController.m in Sources */ = {isa = PBXBuildFile; fileRef = 4B2E8FD91D41708500602C49 /* ViewController.m */; };
		4B2E8FDD1D41708500602C49 /* Main.storyboard in Resources */ = {isa = PBXBuildFile; fileRef = 4B2E8FDB1D41708500602C49 /* Main.storyboard */; };
		4B2E8FDF1D41708500602C49 /* Assets.xcassets in Resources */ = {isa = PBXBuildFile; fileRef = 4B2E8FDE1D41708500602C49 /* Assets.xcassets */; };
		4B2E8FE21D41708500602C49 /* LaunchScreen.storyboard in Resources */ = {isa = PBXBuildFile; fileRef = 4B2E8FE01D41708500602C49 /* LaunchScreen.storyboard */; };
/* End PBXBuildFile section */

/* Begin PBXFileReference section */
		4B2E8FCF1D41708400602C49 /* Email-Demo.app */ = {isa = PBXFileReference; explicitFileType = wrapper.application; includeInIndex = 0; path = "Email-Demo.app"; sourceTree = BUILT_PRODUCTS_DIR; };
		4B2E8FD31D41708500602C49 /* main.m */ = {isa = PBXFileReference; lastKnownFileType = sourcecode.c.objc; path = main.m; sourceTree = "<group>"; };
		4B2E8FD51D41708500602C49 /* AppDelegate.h */ = {isa = PBXFileReference; lastKnownFileType = sourcecode.c.h; path = AppDelegate.h; sourceTree = "<group>"; };
		4B2E8FD61D41708500602C49 /* AppDelegate.m */ = {isa = PBXFileReference; lastKnownFileType = sourcecode.c.objc; path = AppDelegate.m; sourceTree = "<group>"; };
		4B2E8FD81D41708500602C49 /* ViewController.h */ = {isa = PBXFileReference; lastKnownFileType = sourcecode.c.h; path = ViewController.h; sourceTree = "<group>"; };
		4B2E8FD91D41708500602C49 /* ViewController.m */ = {isa = PBXFileReference; lastKnownFileType = sourcecode.c.objc; path = ViewController.m; sourceTree = "<group>"; };
		4B2E8FDC1D41708500602C49 /* Base */ = {isa = PBXFileReference; lastKnownFileType = file.storyboard; name = Base; path = Base.lproj/Main.storyboard; sourceTree = "<group>"; };
		4B2E8FDE1D41708500602C49 /* Assets.xcassets */ = {isa = PBXFileReference; lastKnownFileType = folder.assetcatalog; path = Assets.xcassets; sourceTree = "<group>"; };
		4B2E8FE11D41708500602C49 /* Base */ = {isa = PBXFileReference; lastKnownFileType = file.storyboard; name = Base; path = Base.lproj/LaunchScreen.storyboard; sourceTree = "<group>"; };
		4B2E8FE31D41708500602C49 /* Info.plist */ = {isa = PBXFileReference; lastKnownFileType = text.plist.xml; path = Info.plist; sourceTree = "<group>"; };
/* End PBXFileReference section */

/* Begin PBXFrameworksBuildPhase section */
		4B2E8FCC1D41708400602C49 /* Frameworks */ = {
			isa = PBXFrameworksBuildPhase;
			buildActionMask = 2147483647;
			files = (
			);
			runOnlyForDeploymentPostprocessing = 0;
		};
/* End PBXFrameworksBuildPhase section */

/* Begin PBXGroup section */
		4B2E8FC61D41708400602C49 = {
			isa = PBXGroup;
			children = (
				4B2E8FD11D41708500602C49 /* Email-Demo */,
				4B2E8FD01D41708400602C49 /* Products */,
			);
			sourceTree = "<group>";
		};
		4B2E8FD01D41708400602C49 /* Products */ = {
			isa = PBXGroup;
			children = (
				4B2E8FCF1D41708400602C49 /* Email-Demo.app */,
			);
			name = Products;
			sourceTree = "<group>";
		};
		4B2E8FD11D41708500602C49 /* Email-Demo */ = {
			isa = PBXGroup;
			children = (
				4B2E8FD51D41708500602C49 /* AppDelegate.h */,
				4B2E8FD61D41708500602C49 /* AppDelegate.m */,
				4B2E8FD81D41708500602C49 /* ViewController.h */,
				4B2E8FD91D41708500602C49 /* ViewController.m */,
				4B2E8FDB1D41708500602C49 /* Main.storyboard */,
				4B2E8FDE1D41708500602C49 /* Assets.xcassets */,
				4B2E8FE01D41708500602C49 /* LaunchScreen.storyboard */,
				4B2E8FE31D41708500602C49 /* Info.plist */,
				4B2E8FD21D41708500602C49 /* Supporting Files */,
			);
			path = "Email-Demo";
			sourceTree = "<group>";
		};
		4B2E8FD21D41708500602C49 /* Supporting Files */ = {
			isa = PBXGroup;
			children = (
				4B2E8FD31D41708500602C49 /* main.m */,
			);
			name = "Supporting Files";
			sourceTree = "<group>";
		};
/* End PBXGroup section */

/* Begin PBXNativeTarget section */
		4B2E8FCE1D41708400602C49 /* Email-Demo */ = {
			isa = PBXNativeTarget;
			buildConfigurationList = 4B2E8FE61D41708500602C49 /* Build configuration list for PBXNativeTarget "Email-Demo" */;
			buildPhases = (
				4B2E8FCB1D41708400602C49 /* Sources */,
				4B2E8FCC1D41708400602C49 /* Frameworks */,
				4B2E8FCD1D41708400602C49 /* Resources */,
			);
			buildRules = (
			);
			dependencies = (
			);
			name = "Email-Demo";
			productName = "Email-Demo";
			productReference = 4B2E8FCF1D41708400602C49 /* Email-Demo.app */;
			productType = "com.apple.product-type.application";
		};
/* End PBXNativeTarget section */

/* Begin PBXProject section */
		4B2E8FC71D41708400602C49 /* Project object */ = {
			isa = PBXProject;
			attributes = {
				LastUpgradeCheck = 0730;
				ORGANIZATIONNAME = "Jennifer A Sipila";
				TargetAttributes = {
					4B2E8FCE1D41708400602C49 = {
						CreatedOnToolsVersion = 7.3;
					};
				};
			};
			buildConfigurationList = 4B2E8FCA1D41708400602C49 /* Build configuration list for PBXProject "Email-Demo" */;
			compatibilityVersion = "Xcode 3.2";
			developmentRegion = English;
			hasScannedForEncodings = 0;
			knownRegions = (
				en,
				Base,
			);
			mainGroup = 4B2E8FC61D41708400602C49;
			productRefGroup = 4B2E8FD01D41708400602C49 /* Products */;
			projectDirPath = "";
			projectRoot = "";
			targets = (
				4B2E8FCE1D41708400602C49 /* Email-Demo */,
			);
		};
/* End PBXProject section */

/* Begin PBXResourcesBuildPhase section */
		4B2E8FCD1D41708400602C49 /* Resources */ = {
			isa = PBXResourcesBuildPhase;
			buildActionMask = 2147483647;
			files = (
				4B2E8FE21D41708500602C49 /* LaunchScreen.storyboard in Resources */,
				4B2E8FDF1D41708500602C49 /* Assets.xcassets in Resources */,
				4B2E8FDD1D41708500602C49 /* Main.storyboard in Resources */,
			);
			runOnlyForDeploymentPostprocessing = 0;
		};
/* End PBXResourcesBuildPhase section */

/* Begin PBXSourcesBuildPhase section */
		4B2E8FCB1D41708400602C49 /* Sources */ = {
			isa = PBXSourcesBuildPhase;
			buildActionMask = 2147483647;
			files = (
				4B2E8FDA1D41708500602C49 /* ViewController.m in Sources */,
				4B2E8FD71D41708500602C49 /* AppDelegate.m in Sources */,
				4B2E8FD41D41708500602C49 /* main.m in Sources */,
			);
			runOnlyForDeploymentPostprocessing = 0;
		};
/* End PBXSourcesBuildPhase section */

/* Begin PBXVariantGroup section */
		4B2E8FDB1D41708500602C49 /* Main.storyboard */ = {
			isa = PBXVariantGroup;
			children = (
				4B2E8FDC1D41708500602C49 /* Base */,
			);
			name = Main.storyboard;
			sourceTree = "<group>";
		};
		4B2E8FE01D41708500602C49 /* LaunchScreen.storyboard */ = {
			isa = PBXVariantGroup;
			children = (
				4B2E8FE11D41708500602C49 /* Base */,
			);
			name = LaunchScreen.storyboard;
			sourceTree = "<group>";
		};
/* End PBXVariantGroup section */

/* Begin XCBuildConfiguration section */
		4B2E8FE41D41708500602C49 /* Debug */ = {
			isa = XCBuildConfiguration;
			buildSettings = {
				ALWAYS_SEARCH_USER_PATHS = NO;
				CLANG_ANALYZER_NONNULL = YES;
				CLANG_CXX_LANGUAGE_STANDARD = "gnu++0x";
				CLANG_CXX_LIBRARY = "libc++";
				CLANG_ENABLE_MODULES = YES;
				CLANG_ENABLE_OBJC_ARC = YES;
				CLANG_WARN_BOOL_CONVERSION = YES;
				CLANG_WARN_CONSTANT_CONVERSION = YES;
				CLANG_WARN_DIRECT_OBJC_ISA_USAGE = YES_ERROR;
				CLANG_WARN_EMPTY_BODY = YES;
				CLANG_WARN_ENUM_CONVERSION = YES;
				CLANG_WARN_INT_CONVERSION = YES;
				CLANG_WARN_OBJC_ROOT_CLASS = YES_ERROR;
				CLANG_WARN_UNREACHABLE_CODE = YES;
				CLANG_WARN__DUPLICATE_METHOD_MATCH = YES;
				"CODE_SIGN_IDENTITY[sdk=iphoneos*]" = "iPhone Developer";
				COPY_PHASE_STRIP = NO;
				DEBUG_INFORMATION_FORMAT = dwarf;
				ENABLE_STRICT_OBJC_MSGSEND = YES;
				ENABLE_TESTABILITY = YES;
				GCC_C_LANGUAGE_STANDARD = gnu99;
				GCC_DYNAMIC_NO_PIC = NO;
				GCC_NO_COMMON_BLOCKS = YES;
				GCC_OPTIMIZATION_LEVEL = 0;
				GCC_PREPROCESSOR_DEFINITIONS = (
					"DEBUG=1",
					"$(inherited)",
				);
				GCC_WARN_64_TO_32_BIT_CONVERSION = YES;
				GCC_WARN_ABOUT_RETURN_TYPE = YES_ERROR;
				GCC_WARN_UNDECLARED_SELECTOR = YES;
				GCC_WARN_UNINITIALIZED_AUTOS = YES_AGGRESSIVE;
				GCC_WARN_UNUSED_FUNCTION = YES;
				GCC_WARN_UNUSED_VARIABLE = YES;
				IPHONEOS_DEPLOYMENT_TARGET = 9.3;
				MTL_ENABLE_DEBUG_INFO = YES;
				ONLY_ACTIVE_ARCH = YES;
				SDKROOT = iphoneos;
			};
			name = Debug;
		};
		4B2E8FE51D41708500602C49 /* Release */ = {
			isa = XCBuildConfiguration;
			buildSettings = {
				ALWAYS_SEARCH_USER_PATHS = NO;
				CLANG_ANALYZER_NONNULL = YES;
				CLANG_CXX_LANGUAGE_STANDARD = "gnu++0x";
				CLANG_CXX_LIBRARY = "libc++";
				CLANG_ENABLE_MODULES = YES;
				CLANG_ENABLE_OBJC_ARC = YES;
				CLANG_WARN_BOOL_CONVERSION = YES;
				CLANG_WARN_CONSTANT_CONVERSION = YES;
				CLANG_WARN_DIRECT_OBJC_ISA_USAGE = YES_ERROR;
				CLANG_WARN_EMPTY_BODY = YES;
				CLANG_WARN_ENUM_CONVERSION = YES;
				CLANG_WARN_INT_CONVERSION = YES;
				CLANG_WARN_OBJC_ROOT_CLASS = YES_ERROR;
				CLANG_WARN_UNREACHABLE_CODE = YES;
				CLANG_WARN__DUPLICATE_METHOD_MATCH = YES;
				"CODE_SIGN_IDENTITY[sdk=iphoneos*]" = "iPhone Developer";
				COPY_PHASE_STRIP = NO;
				DEBUG_INFORMATION_FORMAT = "dwarf-with-dsym";
				ENABLE_NS_ASSERTIONS = NO;
				ENABLE_STRICT_OBJC_MSGSEND = YES;
				GCC_C_LANGUAGE_STANDARD = gnu99;
				GCC_NO_COMMON_BLOCKS = YES;
				GCC_WARN_64_TO_32_BIT_CONVERSION = YES;
				GCC_WARN_ABOUT_RETURN_TYPE = YES_ERROR;
				GCC_WARN_UNDECLARED_SELECTOR = YES;
				GCC_WARN_UNINITIALIZED_AUTOS = YES_AGGRESSIVE;
				GCC_WARN_UNUSED_FUNCTION = YES;
				GCC_WARN_UNUSED_VARIABLE = YES;
				IPHONEOS_DEPLOYMENT_TARGET = 9.3;
				MTL_ENABLE_DEBUG_INFO = NO;
				SDKROOT = iphoneos;
				VALIDATE_PRODUCT = YES;
			};
			name = Release;
		};
		4B2E8FE71D41708500602C49 /* Debug */ = {
			isa = XCBuildConfiguration;
			buildSettings = {
				ASSETCATALOG_COMPILER_APPICON_NAME = AppIcon;
				INFOPLIST_FILE = "Email-Demo/Info.plist";
				LD_RUNPATH_SEARCH_PATHS = "$(inherited) @executable_path/Frameworks";
				PRODUCT_BUNDLE_IDENTIFIER = "com.jennifersipila.Email-Demo";
				PRODUCT_NAME = "$(TARGET_NAME)";
			};
			name = Debug;
		};
		4B2E8FE81D41708500602C49 /* Release */ = {
			isa = XCBuildConfiguration;
			buildSettings = {
				ASSETCATALOG_COMPILER_APPICON_NAME = AppIcon;
				INFOPLIST_FILE = "Email-Demo/Info.plist";
				LD_RUNPATH_SEARCH_PATHS = "$(inherited) @executable_path/Frameworks";
				PRODUCT_BUNDLE_IDENTIFIER = "com.jennifersipila.Email-Demo";
				PRODUCT_NAME = "$(TARGET_NAME)";
			};
			name = Release;
		};
/* End XCBuildConfiguration section */

/* Begin XCConfigurationList section */
		4B2E8FCA1D41708400602C49 /* Build configuration list for PBXProject "Email-Demo" */ = {
			isa = XCConfigurationList;
			buildConfigurations = (
				4B2E8FE41D41708500602C49 /* Debug */,
				4B2E8FE51D41708500602C49 /* Release */,
			);
			defaultConfigurationIsVisible = 0;
			defaultConfigurationName = Release;
		};
		4B2E8FE61D41708500602C49 /* Build configuration list for PBXNativeTarget "Email-Demo" */ = {
			isa = XCConfigurationList;
			buildConfigurations = (
				4B2E8FE71D41708500602C49 /* Debug */,
				4B2E8FE81D41708500602C49 /* Release */,
			);
			defaultConfigurationIsVisible = 0;
		};
/* End XCConfigurationList section */
	};
	rootObject = 4B2E8FC71D41708400602C49 /* Project object */;
}
